
Microsoft Visual Studio Solution File, Format Version 11.00
# Visual Studio 2010
Project("{FAE04EC0-301F-11D3-BF4B-00C04F79EFBC}") = "SocialNetworkApp", "SocialNetworkApp\SocialNetworkApp.csproj", "{F00A206F-905E-4B98-94A3-4F099AAE1A0D}"
EndProject
Project("{FAE04EC0-301F-11D3-BF4B-00C04F79EFBC}") = "TheTests", "TheTests\TheTests.csproj", "{ADFF35D6-3976-4692-AB0C-7F65B14FC8BE}"
EndProject
Project("{2150E333-8FDC-42A3-9474-1A3956D46DE8}") = "Solution Items", "Solution Items", "{2B5174BF-84F4-409A-82CA-AD87E008CA90}"
	ProjectSection(SolutionItems) = preProject
		Local.testsettings = Local.testsettings
		SocialNetworkApp.vsmdi = SocialNetworkApp.vsmdi
		TraceAndTestImpact.testsettings = TraceAndTestImpact.testsettings
	EndProjectSection
EndProject
Global
	GlobalSection(TestCaseManagementSettings) = postSolution
		CategoryFile = SocialNetworkApp.vsmdi
	EndGlobalSection
	GlobalSection(SolutionConfigurationPlatforms) = preSolution
		Debug|Any CPU = Debug|Any CPU
		Release|Any CPU = Release|Any CPU
	EndGlobalSection
	GlobalSection(ProjectConfigurationPlatforms) = postSolution
		{F00A206F-905E-4B98-94A3-4F099AAE1A0D}.Debug|Any CPU.ActiveCfg = Debug|Any CPU
		{F00A206F-905E-4B98-94A3-4F099AAE1A0D}.Debug|Any CPU.Build.0 = Debug|Any CPU
		{F00A206F-905E-4B98-94A3-4F099AAE1A0D}.Release|Any CPU.ActiveCfg = Release|Any CPU
		{F00A206F-905E-4B98-94A3-4F099AAE1A0D}.Release|Any CPU.Build.0 = Release|Any CPU
		{ADFF35D6-3976-4692-AB0C-7F65B14FC8BE}.Debug|Any CPU.ActiveCfg = Debug|Any CPU
		{ADFF35D6-3976-4692-AB0C-7F65B14FC8BE}.Debug|Any CPU.Build.0 = Debug|Any CPU
		{ADFF35D6-3976-4692-AB0C-7F65B14FC8BE}.Release|Any CPU.ActiveCfg = Release|Any CPU
		{ADFF35D6-3976-4692-AB0C-7F65B14FC8BE}.Release|Any CPU.Build.0 = Release|Any CPU
	EndGlobalSection
	GlobalSection(SolutionProperties) = preSolution
		HideSolutionNode = FALSE
	EndGlobalSection
EndGlobal
